{
  "sources": {
    "java": {
      "locked_version": "1.14.0"
    },
    "leiningen": {
      "locked_version": "0.2.0"
    },
    "windows": {
      "locked_version": "1.11.0"
    },
    "chef_handler": {
      "locked_version": "1.1.4"
    },
    "aws": {
      "locked_version": "0.101.6"
    }
  }
}
